// !$*UTF8*$!
{
	archiveVersion = 1;
	classes = {
	};
	objectVersion = 56;
	objects = {

/* Begin PBXBuildFile section */
		900CB67D2AB8A58D00E07ADF /* AppDelegate.swift in Sources */ = {isa = PBXBuildFile; fileRef = 900CB67C2AB8A58D00E07ADF /* AppDelegate.swift */; };
		900CB67F2AB8A58D00E07ADF /* SceneDelegate.swift in Sources */ = {isa = PBXBuildFile; fileRef = 900CB67E2AB8A58D00E07ADF /* SceneDelegate.swift */; };
		900CB6812AB8A58D00E07ADF /* WeatherView.swift in Sources */ = {isa = PBXBuildFile; fileRef = 900CB6802AB8A58D00E07ADF /* WeatherView.swift */; };
		900CB6862AB8A58F00E07ADF /* Assets.xcassets in Resources */ = {isa = PBXBuildFile; fileRef = 900CB6852AB8A58F00E07ADF /* Assets.xcassets */; };
		900CB6892AB8A58F00E07ADF /* LaunchScreen.storyboard in Resources */ = {isa = PBXBuildFile; fileRef = 900CB6872AB8A58F00E07ADF /* LaunchScreen.storyboard */; };
		900CB6962AB8B2C900E07ADF /* SnapKit in Frameworks */ = {isa = PBXBuildFile; productRef = 900CB6952AB8B2C900E07ADF /* SnapKit */; };
		900CB6982AB8E60C00E07ADF /* WeatherController.swift in Sources */ = {isa = PBXBuildFile; fileRef = 900CB6972AB8E60C00E07ADF /* WeatherController.swift */; };
		9016AC1A2B06434300CB283C /* WeatherInfo.swift in Sources */ = {isa = PBXBuildFile; fileRef = 9016AC192B06434300CB283C /* WeatherInfo.swift */; };
		9016AC1C2B065AE800CB283C /* String.swift in Sources */ = {isa = PBXBuildFile; fileRef = 9016AC1B2B065AE800CB283C /* String.swift */; };
		9016AC1F2B06972C00CB283C /* Kingfisher in Frameworks */ = {isa = PBXBuildFile; productRef = 9016AC1E2B06972C00CB283C /* Kingfisher */; };
		9016AC212B06BDDE00CB283C /* WeatherInfoData.swift in Sources */ = {isa = PBXBuildFile; fileRef = 9016AC202B06BDDE00CB283C /* WeatherInfoData.swift */; };
		9016AC232B06C11900CB283C /* WeatherInfoCell.swift in Sources */ = {isa = PBXBuildFile; fileRef = 9016AC222B06C11900CB283C /* WeatherInfoCell.swift */; };
		906F8E7F2ABAE4A400E58032 /* WeatherData.swift in Sources */ = {isa = PBXBuildFile; fileRef = 906F8E7E2ABAE4A400E58032 /* WeatherData.swift */; };
		906F8E812ABAEE8700E58032 /* WeatherModel.swift in Sources */ = {isa = PBXBuildFile; fileRef = 906F8E802ABAEE8700E58032 /* WeatherModel.swift */; };
		907067AE2B04CCF40083688D /* UIImage.swift in Sources */ = {isa = PBXBuildFile; fileRef = 907067AD2B04CCF40083688D /* UIImage.swift */; };
		907067B42B04CEFF0083688D /* Rubik-Bold.ttf in Resources */ = {isa = PBXBuildFile; fileRef = 907067B32B04CEFE0083688D /* Rubik-Bold.ttf */; };
		907067B62B04CF070083688D /* Rubik-Medium.ttf in Resources */ = {isa = PBXBuildFile; fileRef = 907067B52B04CF070083688D /* Rubik-Medium.ttf */; };
		907067B82B04CF110083688D /* Rubik-Regular.ttf in Resources */ = {isa = PBXBuildFile; fileRef = 907067B72B04CF110083688D /* Rubik-Regular.ttf */; };
		907067BA2B04CF220083688D /* Rubik-Light.ttf in Resources */ = {isa = PBXBuildFile; fileRef = 907067B92B04CF220083688D /* Rubik-Light.ttf */; };
		907067BC2B04CF2C0083688D /* Rubik-Black.ttf in Resources */ = {isa = PBXBuildFile; fileRef = 907067BB2B04CF2C0083688D /* Rubik-Black.ttf */; };
		907067BE2B04CF920083688D /* Fonts.swift in Sources */ = {isa = PBXBuildFile; fileRef = 907067BD2B04CF920083688D /* Fonts.swift */; };
		907067C12B0611C60083688D /* API.swift in Sources */ = {isa = PBXBuildFile; fileRef = 907067C02B0611C60083688D /* API.swift */; };
		907067C32B0611D10083688D /* Endpoint.swift in Sources */ = {isa = PBXBuildFile; fileRef = 907067C22B0611D10083688D /* Endpoint.swift */; };
		907067C52B0611E10083688D /* NetworkError.swift in Sources */ = {isa = PBXBuildFile; fileRef = 907067C42B0611E10083688D /* NetworkError.swift */; };
		907067C72B0611EE0083688D /* NetworkManager.swift in Sources */ = {isa = PBXBuildFile; fileRef = 907067C62B0611EE0083688D /* NetworkManager.swift */; };
		907067CA2B0613380083688D /* Alamofire in Frameworks */ = {isa = PBXBuildFile; productRef = 907067C92B0613380083688D /* Alamofire */; };
/* End PBXBuildFile section */

/* Begin PBXFileReference section */
		900CB6792AB8A58D00E07ADF /* Weather.app */ = {isa = PBXFileReference; explicitFileType = wrapper.application; includeInIndex = 0; path = Weather.app; sourceTree = BUILT_PRODUCTS_DIR; };
		900CB67C2AB8A58D00E07ADF /* AppDelegate.swift */ = {isa = PBXFileReference; lastKnownFileType = sourcecode.swift; path = AppDelegate.swift; sourceTree = "<group>"; };
		900CB67E2AB8A58D00E07ADF /* SceneDelegate.swift */ = {isa = PBXFileReference; lastKnownFileType = sourcecode.swift; path = SceneDelegate.swift; sourceTree = "<group>"; };
		900CB6802AB8A58D00E07ADF /* WeatherView.swift */ = {isa = PBXFileReference; lastKnownFileType = sourcecode.swift; path = WeatherView.swift; sourceTree = "<group>"; };
		900CB6852AB8A58F00E07ADF /* Assets.xcassets */ = {isa = PBXFileReference; lastKnownFileType = folder.assetcatalog; path = Assets.xcassets; sourceTree = "<group>"; };
		900CB6882AB8A58F00E07ADF /* Base */ = {isa = PBXFileReference; lastKnownFileType = file.storyboard; name = Base; path = Base.lproj/LaunchScreen.storyboard; sourceTree = "<group>"; };
		900CB68A2AB8A58F00E07ADF /* Info.plist */ = {isa = PBXFileReference; lastKnownFileType = text.plist.xml; path = Info.plist; sourceTree = "<group>"; };
		900CB6972AB8E60C00E07ADF /* WeatherController.swift */ = {isa = PBXFileReference; lastKnownFileType = sourcecode.swift; path = WeatherController.swift; sourceTree = "<group>"; };
		9016AC192B06434300CB283C /* WeatherInfo.swift */ = {isa = PBXFileReference; lastKnownFileType = sourcecode.swift; path = WeatherInfo.swift; sourceTree = "<group>"; };
		9016AC1B2B065AE800CB283C /* String.swift */ = {isa = PBXFileReference; lastKnownFileType = sourcecode.swift; path = String.swift; sourceTree = "<group>"; };
		9016AC202B06BDDE00CB283C /* WeatherInfoData.swift */ = {isa = PBXFileReference; lastKnownFileType = sourcecode.swift; path = WeatherInfoData.swift; sourceTree = "<group>"; };
		9016AC222B06C11900CB283C /* WeatherInfoCell.swift */ = {isa = PBXFileReference; lastKnownFileType = sourcecode.swift; path = WeatherInfoCell.swift; sourceTree = "<group>"; };
		906F8E7E2ABAE4A400E58032 /* WeatherData.swift */ = {isa = PBXFileReference; lastKnownFileType = sourcecode.swift; path = WeatherData.swift; sourceTree = "<group>"; };
		906F8E802ABAEE8700E58032 /* WeatherModel.swift */ = {isa = PBXFileReference; lastKnownFileType = sourcecode.swift; path = WeatherModel.swift; sourceTree = "<group>"; };
		907067AD2B04CCF40083688D /* UIImage.swift */ = {isa = PBXFileReference; lastKnownFileType = sourcecode.swift; path = UIImage.swift; sourceTree = "<group>"; };
		907067B32B04CEFE0083688D /* Rubik-Bold.ttf */ = {isa = PBXFileReference; lastKnownFileType = file; path = "Rubik-Bold.ttf"; sourceTree = "<group>"; };
		907067B52B04CF070083688D /* Rubik-Medium.ttf */ = {isa = PBXFileReference; lastKnownFileType = file; path = "Rubik-Medium.ttf"; sourceTree = "<group>"; };
		907067B72B04CF110083688D /* Rubik-Regular.ttf */ = {isa = PBXFileReference; lastKnownFileType = file; path = "Rubik-Regular.ttf"; sourceTree = "<group>"; };
		907067B92B04CF220083688D /* Rubik-Light.ttf */ = {isa = PBXFileReference; lastKnownFileType = file; path = "Rubik-Light.ttf"; sourceTree = "<group>"; };
		907067BB2B04CF2C0083688D /* Rubik-Black.ttf */ = {isa = PBXFileReference; lastKnownFileType = file; path = "Rubik-Black.ttf"; sourceTree = "<group>"; };
		907067BD2B04CF920083688D /* Fonts.swift */ = {isa = PBXFileReference; lastKnownFileType = sourcecode.swift; path = Fonts.swift; sourceTree = "<group>"; };
		907067C02B0611C60083688D /* API.swift */ = {isa = PBXFileReference; lastKnownFileType = sourcecode.swift; path = API.swift; sourceTree = "<group>"; };
		907067C22B0611D10083688D /* Endpoint.swift */ = {isa = PBXFileReference; lastKnownFileType = sourcecode.swift; path = Endpoint.swift; sourceTree = "<group>"; };
		907067C42B0611E10083688D /* NetworkError.swift */ = {isa = PBXFileReference; lastKnownFileType = sourcecode.swift; path = NetworkError.swift; sourceTree = "<group>"; };
		907067C62B0611EE0083688D /* NetworkManager.swift */ = {isa = PBXFileReference; lastKnownFileType = sourcecode.swift; path = NetworkManager.swift; sourceTree = "<group>"; };
/* End PBXFileReference section */

/* Begin PBXFrameworksBuildPhase section */
		900CB6762AB8A58D00E07ADF /* Frameworks */ = {
			isa = PBXFrameworksBuildPhase;
			buildActionMask = 2147483647;
			files = (
				9016AC1F2B06972C00CB283C /* Kingfisher in Frameworks */,
				900CB6962AB8B2C900E07ADF /* SnapKit in Frameworks */,
				907067CA2B0613380083688D /* Alamofire in Frameworks */,
			);
			runOnlyForDeploymentPostprocessing = 0;
		};
/* End PBXFrameworksBuildPhase section */

/* Begin PBXGroup section */
		900CB6702AB8A58D00E07ADF = {
			isa = PBXGroup;
			children = (
				900CB67B2AB8A58D00E07ADF /* Weather */,
				900CB67A2AB8A58D00E07ADF /* Products */,
			);
			sourceTree = "<group>";
		};
		900CB67A2AB8A58D00E07ADF /* Products */ = {
			isa = PBXGroup;
			children = (
				900CB6792AB8A58D00E07ADF /* Weather.app */,
			);
			name = Products;
			sourceTree = "<group>";
		};
		900CB67B2AB8A58D00E07ADF /* Weather */ = {
			isa = PBXGroup;
			children = (
				900CB6902AB8AEED00E07ADF /* App */,
				907067BF2B0611B60083688D /* Networking */,
				900CB6912AB8AEF500E07ADF /* Model */,
				900CB6922AB8AEFC00E07ADF /* View */,
				900CB6932AB8AF0000E07ADF /* Controller */,
				907067AC2B04CCE50083688D /* Extension */,
				907067AF2B04CE6C0083688D /* Resources */,
				900CB6872AB8A58F00E07ADF /* LaunchScreen.storyboard */,
				900CB68A2AB8A58F00E07ADF /* Info.plist */,
			);
			path = Weather;
			sourceTree = "<group>";
		};
		900CB6902AB8AEED00E07ADF /* App */ = {
			isa = PBXGroup;
			children = (
				900CB67C2AB8A58D00E07ADF /* AppDelegate.swift */,
				900CB67E2AB8A58D00E07ADF /* SceneDelegate.swift */,
			);
			path = App;
			sourceTree = "<group>";
		};
		900CB6912AB8AEF500E07ADF /* Model */ = {
			isa = PBXGroup;
			children = (
				906F8E7E2ABAE4A400E58032 /* WeatherData.swift */,
				9016AC202B06BDDE00CB283C /* WeatherInfoData.swift */,
				906F8E802ABAEE8700E58032 /* WeatherModel.swift */,
				9016AC192B06434300CB283C /* WeatherInfo.swift */,
			);
			path = Model;
			sourceTree = "<group>";
		};
		900CB6922AB8AEFC00E07ADF /* View */ = {
			isa = PBXGroup;
			children = (
				900CB6802AB8A58D00E07ADF /* WeatherView.swift */,
				9016AC222B06C11900CB283C /* WeatherInfoCell.swift */,
			);
			path = View;
			sourceTree = "<group>";
		};
		900CB6932AB8AF0000E07ADF /* Controller */ = {
			isa = PBXGroup;
			children = (
				900CB6972AB8E60C00E07ADF /* WeatherController.swift */,
			);
			path = Controller;
			sourceTree = "<group>";
		};
		907067AC2B04CCE50083688D /* Extension */ = {
			isa = PBXGroup;
			children = (
				907067AD2B04CCF40083688D /* UIImage.swift */,
				9016AC1B2B065AE800CB283C /* String.swift */,
			);
			path = Extension;
			sourceTree = "<group>";
		};
		907067AF2B04CE6C0083688D /* Resources */ = {
			isa = PBXGroup;
			children = (
				907067B02B04CE8D0083688D /* Fonts */,
				900CB6852AB8A58F00E07ADF /* Assets.xcassets */,
			);
			path = Resources;
			sourceTree = "<group>";
		};
		907067B02B04CE8D0083688D /* Fonts */ = {
			isa = PBXGroup;
			children = (
				907067BD2B04CF920083688D /* Fonts.swift */,
				907067B92B04CF220083688D /* Rubik-Light.ttf */,
				907067B72B04CF110083688D /* Rubik-Regular.ttf */,
				907067B52B04CF070083688D /* Rubik-Medium.ttf */,
				907067B32B04CEFE0083688D /* Rubik-Bold.ttf */,
				907067BB2B04CF2C0083688D /* Rubik-Black.ttf */,
			);
			path = Fonts;
			sourceTree = "<group>";
		};
		907067BF2B0611B60083688D /* Networking */ = {
			isa = PBXGroup;
			children = (
				907067C02B0611C60083688D /* API.swift */,
				907067C22B0611D10083688D /* Endpoint.swift */,
				907067C42B0611E10083688D /* NetworkError.swift */,
				907067C62B0611EE0083688D /* NetworkManager.swift */,
			);
			path = Networking;
			sourceTree = "<group>";
		};
/* End PBXGroup section */

/* Begin PBXNativeTarget section */
		900CB6782AB8A58D00E07ADF /* Weather */ = {
			isa = PBXNativeTarget;
			buildConfigurationList = 900CB68D2AB8A58F00E07ADF /* Build configuration list for PBXNativeTarget "Weather" */;
			buildPhases = (
				900CB6752AB8A58D00E07ADF /* Sources */,
				900CB6762AB8A58D00E07ADF /* Frameworks */,
				900CB6772AB8A58D00E07ADF /* Resources */,
			);
			buildRules = (
			);
			dependencies = (
			);
			name = Weather;
			packageProductDependencies = (
				900CB6952AB8B2C900E07ADF /* SnapKit */,
				907067C92B0613380083688D /* Alamofire */,
				9016AC1E2B06972C00CB283C /* Kingfisher */,
			);
			productName = Weather;
			productReference = 900CB6792AB8A58D00E07ADF /* Weather.app */;
			productType = "com.apple.product-type.application";
		};
/* End PBXNativeTarget section */

/* Begin PBXProject section */
		900CB6712AB8A58D00E07ADF /* Project object */ = {
			isa = PBXProject;
			attributes = {
				BuildIndependentTargetsInParallel = 1;
				LastSwiftUpdateCheck = 1430;
				LastUpgradeCheck = 1430;
				TargetAttributes = {
					900CB6782AB8A58D00E07ADF = {
						CreatedOnToolsVersion = 14.3;
					};
				};
			};
			buildConfigurationList = 900CB6742AB8A58D00E07ADF /* Build configuration list for PBXProject "Weather" */;
			compatibilityVersion = "Xcode 14.0";
			developmentRegion = en;
			hasScannedForEncodings = 0;
			knownRegions = (
				en,
				Base,
			);
			mainGroup = 900CB6702AB8A58D00E07ADF;
			packageReferences = (
				900CB6942AB8B2C900E07ADF /* XCRemoteSwiftPackageReference "SnapKit" */,
				907067C82B0613380083688D /* XCRemoteSwiftPackageReference "Alamofire" */,
				9016AC1D2B06972C00CB283C /* XCRemoteSwiftPackageReference "Kingfisher" */,
			);
			productRefGroup = 900CB67A2AB8A58D00E07ADF /* Products */;
			projectDirPath = "";
			projectRoot = "";
			targets = (
				900CB6782AB8A58D00E07ADF /* Weather */,
			);
		};
/* End PBXProject section */

/* Begin PBXResourcesBuildPhase section */
		900CB6772AB8A58D00E07ADF /* Resources */ = {
			isa = PBXResourcesBuildPhase;
			buildActionMask = 2147483647;
			files = (
				907067B82B04CF110083688D /* Rubik-Regular.ttf in Resources */,
				907067BA2B04CF220083688D /* Rubik-Light.ttf in Resources */,
				907067B42B04CEFF0083688D /* Rubik-Bold.ttf in Resources */,
				907067BC2B04CF2C0083688D /* Rubik-Black.ttf in Resources */,
				900CB6892AB8A58F00E07ADF /* LaunchScreen.storyboard in Resources */,
				900CB6862AB8A58F00E07ADF /* Assets.xcassets in Resources */,
				907067B62B04CF070083688D /* Rubik-Medium.ttf in Resources */,
			);
			runOnlyForDeploymentPostprocessing = 0;
		};
/* End PBXResourcesBuildPhase section */

/* Begin PBXSourcesBuildPhase section */
		900CB6752AB8A58D00E07ADF /* Sources */ = {
			isa = PBXSourcesBuildPhase;
			buildActionMask = 2147483647;
			files = (
				900CB6982AB8E60C00E07ADF /* WeatherController.swift in Sources */,
				907067AE2B04CCF40083688D /* UIImage.swift in Sources */,
				900CB6812AB8A58D00E07ADF /* WeatherView.swift in Sources */,
				907067C72B0611EE0083688D /* NetworkManager.swift in Sources */,
				9016AC1C2B065AE800CB283C /* String.swift in Sources */,
				907067C12B0611C60083688D /* API.swift in Sources */,
				9016AC212B06BDDE00CB283C /* WeatherInfoData.swift in Sources */,
				906F8E812ABAEE8700E58032 /* WeatherModel.swift in Sources */,
				900CB67D2AB8A58D00E07ADF /* AppDelegate.swift in Sources */,
				906F8E7F2ABAE4A400E58032 /* WeatherData.swift in Sources */,
				9016AC1A2B06434300CB283C /* WeatherInfo.swift in Sources */,
				907067BE2B04CF920083688D /* Fonts.swift in Sources */,
				9016AC232B06C11900CB283C /* WeatherInfoCell.swift in Sources */,
				907067C52B0611E10083688D /* NetworkError.swift in Sources */,
				907067C32B0611D10083688D /* Endpoint.swift in Sources */,
				900CB67F2AB8A58D00E07ADF /* SceneDelegate.swift in Sources */,
			);
			runOnlyForDeploymentPostprocessing = 0;
		};
/* End PBXSourcesBuildPhase section */

/* Begin PBXVariantGroup section */
		900CB6872AB8A58F00E07ADF /* LaunchScreen.storyboard */ = {
			isa = PBXVariantGroup;
			children = (
				900CB6882AB8A58F00E07ADF /* Base */,
			);
			name = LaunchScreen.storyboard;
			sourceTree = "<group>";
		};
/* End PBXVariantGroup section */

/* Begin XCBuildConfiguration section */
		900CB68B2AB8A58F00E07ADF /* Debug */ = {
			isa = XCBuildConfiguration;
			buildSettings = {
				ALWAYS_SEARCH_USER_PATHS = NO;
				CLANG_ANALYZER_NONNULL = YES;
				CLANG_ANALYZER_NUMBER_OBJECT_CONVERSION = YES_AGGRESSIVE;
				CLANG_CXX_LANGUAGE_STANDARD = "gnu++20";
				CLANG_ENABLE_MODULES = YES;
				CLANG_ENABLE_OBJC_ARC = YES;
				CLANG_ENABLE_OBJC_WEAK = YES;
				CLANG_WARN_BLOCK_CAPTURE_AUTORELEASING = YES;
				CLANG_WARN_BOOL_CONVERSION = YES;
				CLANG_WARN_COMMA = YES;
				CLANG_WARN_CONSTANT_CONVERSION = YES;
				CLANG_WARN_DEPRECATED_OBJC_IMPLEMENTATIONS = YES;
				CLANG_WARN_DIRECT_OBJC_ISA_USAGE = YES_ERROR;
				CLANG_WARN_DOCUMENTATION_COMMENTS = YES;
				CLANG_WARN_EMPTY_BODY = YES;
				CLANG_WARN_ENUM_CONVERSION = YES;
				CLANG_WARN_INFINITE_RECURSION = YES;
				CLANG_WARN_INT_CONVERSION = YES;
				CLANG_WARN_NON_LITERAL_NULL_CONVERSION = YES;
				CLANG_WARN_OBJC_IMPLICIT_RETAIN_SELF = YES;
				CLANG_WARN_OBJC_LITERAL_CONVERSION = YES;
				CLANG_WARN_OBJC_ROOT_CLASS = YES_ERROR;
				CLANG_WARN_QUOTED_INCLUDE_IN_FRAMEWORK_HEADER = YES;
				CLANG_WARN_RANGE_LOOP_ANALYSIS = YES;
				CLANG_WARN_STRICT_PROTOTYPES = YES;
				CLANG_WARN_SUSPICIOUS_MOVE = YES;
				CLANG_WARN_UNGUARDED_AVAILABILITY = YES_AGGRESSIVE;
				CLANG_WARN_UNREACHABLE_CODE = YES;
				CLANG_WARN__DUPLICATE_METHOD_MATCH = YES;
				COPY_PHASE_STRIP = NO;
				DEBUG_INFORMATION_FORMAT = dwarf;
				ENABLE_STRICT_OBJC_MSGSEND = YES;
				ENABLE_TESTABILITY = YES;
				GCC_C_LANGUAGE_STANDARD = gnu11;
				GCC_DYNAMIC_NO_PIC = NO;
				GCC_NO_COMMON_BLOCKS = YES;
				GCC_OPTIMIZATION_LEVEL = 0;
				GCC_PREPROCESSOR_DEFINITIONS = (
					"DEBUG=1",
					"$(inherited)",
				);
				GCC_WARN_64_TO_32_BIT_CONVERSION = YES;
				GCC_WARN_ABOUT_RETURN_TYPE = YES_ERROR;
				GCC_WARN_UNDECLARED_SELECTOR = YES;
				GCC_WARN_UNINITIALIZED_AUTOS = YES_AGGRESSIVE;
				GCC_WARN_UNUSED_FUNCTION = YES;
				GCC_WARN_UNUSED_VARIABLE = YES;
				IPHONEOS_DEPLOYMENT_TARGET = 16.4;
				MTL_ENABLE_DEBUG_INFO = INCLUDE_SOURCE;
				MTL_FAST_MATH = YES;
				ONLY_ACTIVE_ARCH = YES;
				SDKROOT = iphoneos;
				SWIFT_ACTIVE_COMPILATION_CONDITIONS = DEBUG;
				SWIFT_OPTIMIZATION_LEVEL = "-Onone";
			};
			name = Debug;
		};
		900CB68C2AB8A58F00E07ADF /* Release */ = {
			isa = XCBuildConfiguration;
			buildSettings = {
				ALWAYS_SEARCH_USER_PATHS = NO;
				CLANG_ANALYZER_NONNULL = YES;
				CLANG_ANALYZER_NUMBER_OBJECT_CONVERSION = YES_AGGRESSIVE;
				CLANG_CXX_LANGUAGE_STANDARD = "gnu++20";
				CLANG_ENABLE_MODULES = YES;
				CLANG_ENABLE_OBJC_ARC = YES;
				CLANG_ENABLE_OBJC_WEAK = YES;
				CLANG_WARN_BLOCK_CAPTURE_AUTORELEASING = YES;
				CLANG_WARN_BOOL_CONVERSION = YES;
				CLANG_WARN_COMMA = YES;
				CLANG_WARN_CONSTANT_CONVERSION = YES;
				CLANG_WARN_DEPRECATED_OBJC_IMPLEMENTATIONS = YES;
				CLANG_WARN_DIRECT_OBJC_ISA_USAGE = YES_ERROR;
				CLANG_WARN_DOCUMENTATION_COMMENTS = YES;
				CLANG_WARN_EMPTY_BODY = YES;
				CLANG_WARN_ENUM_CONVERSION = YES;
				CLANG_WARN_INFINITE_RECURSION = YES;
				CLANG_WARN_INT_CONVERSION = YES;
				CLANG_WARN_NON_LITERAL_NULL_CONVERSION = YES;
				CLANG_WARN_OBJC_IMPLICIT_RETAIN_SELF = YES;
				CLANG_WARN_OBJC_LITERAL_CONVERSION = YES;
				CLANG_WARN_OBJC_ROOT_CLASS = YES_ERROR;
				CLANG_WARN_QUOTED_INCLUDE_IN_FRAMEWORK_HEADER = YES;
				CLANG_WARN_RANGE_LOOP_ANALYSIS = YES;
				CLANG_WARN_STRICT_PROTOTYPES = YES;
				CLANG_WARN_SUSPICIOUS_MOVE = YES;
				CLANG_WARN_UNGUARDED_AVAILABILITY = YES_AGGRESSIVE;
				CLANG_WARN_UNREACHABLE_CODE = YES;
				CLANG_WARN__DUPLICATE_METHOD_MATCH = YES;
				COPY_PHASE_STRIP = NO;
				DEBUG_INFORMATION_FORMAT = "dwarf-with-dsym";
				ENABLE_NS_ASSERTIONS = NO;
				ENABLE_STRICT_OBJC_MSGSEND = YES;
				GCC_C_LANGUAGE_STANDARD = gnu11;
				GCC_NO_COMMON_BLOCKS = YES;
				GCC_WARN_64_TO_32_BIT_CONVERSION = YES;
				GCC_WARN_ABOUT_RETURN_TYPE = YES_ERROR;
				GCC_WARN_UNDECLARED_SELECTOR = YES;
				GCC_WARN_UNINITIALIZED_AUTOS = YES_AGGRESSIVE;
				GCC_WARN_UNUSED_FUNCTION = YES;
				GCC_WARN_UNUSED_VARIABLE = YES;
				IPHONEOS_DEPLOYMENT_TARGET = 16.4;
				MTL_ENABLE_DEBUG_INFO = NO;
				MTL_FAST_MATH = YES;
				SDKROOT = iphoneos;
				SWIFT_COMPILATION_MODE = wholemodule;
				SWIFT_OPTIMIZATION_LEVEL = "-O";
				VALIDATE_PRODUCT = YES;
			};
			name = Release;
		};
		900CB68E2AB8A58F00E07ADF /* Debug */ = {
			isa = XCBuildConfiguration;
			buildSettings = {
				ASSETCATALOG_COMPILER_APPICON_NAME = AppIcon;
				ASSETCATALOG_COMPILER_GLOBAL_ACCENT_COLOR_NAME = AccentColor;
				CODE_SIGN_STYLE = Automatic;
				CURRENT_PROJECT_VERSION = 1;
				DEVELOPMENT_TEAM = GTMA39LQ82;
				GENERATE_INFOPLIST_FILE = YES;
				INFOPLIST_FILE = Weather/Info.plist;
				INFOPLIST_KEY_UIApplicationSupportsIndirectInputEvents = YES;
				INFOPLIST_KEY_UILaunchStoryboardName = LaunchScreen;
				INFOPLIST_KEY_UISupportedInterfaceOrientations_iPad = "UIInterfaceOrientationPortrait UIInterfaceOrientationPortraitUpsideDown UIInterfaceOrientationLandscapeLeft UIInterfaceOrientationLandscapeRight";
				INFOPLIST_KEY_UISupportedInterfaceOrientations_iPhone = "UIInterfaceOrientationPortrait UIInterfaceOrientationLandscapeLeft UIInterfaceOrientationLandscapeRight";
				LD_RUNPATH_SEARCH_PATHS = (
					"$(inherited)",
					"@executable_path/Frameworks",
				);
				MARKETING_VERSION = 1.0;
				PRODUCT_BUNDLE_IDENTIFIER = com.myawko.Weather;
				PRODUCT_NAME = "$(TARGET_NAME)";
				SUPPORTED_PLATFORMS = "iphoneos iphonesimulator";
				SUPPORTS_MACCATALYST = NO;
				SUPPORTS_MAC_DESIGNED_FOR_IPHONE_IPAD = NO;
				SWIFT_EMIT_LOC_STRINGS = YES;
				SWIFT_VERSION = 5.0;
				TARGETED_DEVICE_FAMILY = 1;
			};
			name = Debug;
		};
		900CB68F2AB8A58F00E07ADF /* Release */ = {
			isa = XCBuildConfiguration;
			buildSettings = {
				ASSETCATALOG_COMPILER_APPICON_NAME = AppIcon;
				ASSETCATALOG_COMPILER_GLOBAL_ACCENT_COLOR_NAME = AccentColor;
				CODE_SIGN_STYLE = Automatic;
				CURRENT_PROJECT_VERSION = 1;
				DEVELOPMENT_TEAM = GTMA39LQ82;
				GENERATE_INFOPLIST_FILE = YES;
				INFOPLIST_FILE = Weather/Info.plist;
				INFOPLIST_KEY_UIApplicationSupportsIndirectInputEvents = YES;
				INFOPLIST_KEY_UILaunchStoryboardName = LaunchScreen;
				INFOPLIST_KEY_UISupportedInterfaceOrientations_iPad = "UIInterfaceOrientationPortrait UIInterfaceOrientationPortraitUpsideDown UIInterfaceOrientationLandscapeLeft UIInterfaceOrientationLandscapeRight";
				INFOPLIST_KEY_UISupportedInterfaceOrientations_iPhone = "UIInterfaceOrientationPortrait UIInterfaceOrientationLandscapeLeft UIInterfaceOrientationLandscapeRight";
				LD_RUNPATH_SEARCH_PATHS = (
					"$(inherited)",
					"@executable_path/Frameworks",
				);
				MARKETING_VERSION = 1.0;
				PRODUCT_BUNDLE_IDENTIFIER = com.myawko.Weather;
				PRODUCT_NAME = "$(TARGET_NAME)";
				SUPPORTED_PLATFORMS = "iphoneos iphonesimulator";
				SUPPORTS_MACCATALYST = NO;
				SUPPORTS_MAC_DESIGNED_FOR_IPHONE_IPAD = NO;
				SWIFT_EMIT_LOC_STRINGS = YES;
				SWIFT_VERSION = 5.0;
				TARGETED_DEVICE_FAMILY = 1;
			};
			name = Release;
		};
/* End XCBuildConfiguration section */

/* Begin XCConfigurationList section */
		900CB6742AB8A58D00E07ADF /* Build configuration list for PBXProject "Weather" */ = {
			isa = XCConfigurationList;
			buildConfigurations = (
				900CB68B2AB8A58F00E07ADF /* Debug */,
				900CB68C2AB8A58F00E07ADF /* Release */,
			);
			defaultConfigurationIsVisible = 0;
			defaultConfigurationName = Release;
		};
		900CB68D2AB8A58F00E07ADF /* Build configuration list for PBXNativeTarget "Weather" */ = {
			isa = XCConfigurationList;
			buildConfigurations = (
				900CB68E2AB8A58F00E07ADF /* Debug */,
				900CB68F2AB8A58F00E07ADF /* Release */,
			);
			defaultConfigurationIsVisible = 0;
			defaultConfigurationName = Release;
		};
/* End XCConfigurationList section */

/* Begin XCRemoteSwiftPackageReference section */
		900CB6942AB8B2C900E07ADF /* XCRemoteSwiftPackageReference "SnapKit" */ = {
			isa = XCRemoteSwiftPackageReference;
			repositoryURL = "https://github.com/SnapKit/SnapKit";
			requirement = {
				kind = upToNextMajorVersion;
				minimumVersion = 5.0.0;
			};
		};
		9016AC1D2B06972C00CB283C /* XCRemoteSwiftPackageReference "Kingfisher" */ = {
			isa = XCRemoteSwiftPackageReference;
			repositoryURL = "https://github.com/onevcat/Kingfisher.git";
			requirement = {
				kind = upToNextMajorVersion;
				minimumVersion = 7.0.0;
			};
		};
		907067C82B0613380083688D /* XCRemoteSwiftPackageReference "Alamofire" */ = {
			isa = XCRemoteSwiftPackageReference;
			repositoryURL = "https://github.com/Alamofire/Alamofire";
			requirement = {
				kind = upToNextMajorVersion;
				minimumVersion = 5.0.0;
			};
		};
/* End XCRemoteSwiftPackageReference section */

/* Begin XCSwiftPackageProductDependency section */
		900CB6952AB8B2C900E07ADF /* SnapKit */ = {
			isa = XCSwiftPackageProductDependency;
			package = 900CB6942AB8B2C900E07ADF /* XCRemoteSwiftPackageReference "SnapKit" */;
			productName = SnapKit;
		};
		9016AC1E2B06972C00CB283C /* Kingfisher */ = {
			isa = XCSwiftPackageProductDependency;
			package = 9016AC1D2B06972C00CB283C /* XCRemoteSwiftPackageReference "Kingfisher" */;
			productName = Kingfisher;
		};
		907067C92B0613380083688D /* Alamofire */ = {
			isa = XCSwiftPackageProductDependency;
			package = 907067C82B0613380083688D /* XCRemoteSwiftPackageReference "Alamofire" */;
			productName = Alamofire;
		};
/* End XCSwiftPackageProductDependency section */
	};
	rootObject = 900CB6712AB8A58D00E07ADF /* Project object */;
}
